
Microsoft Visual Studio Solution File, Format Version 12.00
# Visual Studio 15
VisualStudioVersion = 15.0.28010.2050
MinimumVisualStudioVersion = 10.0.40219.1
Project("{8BC9CEB8-8B4A-11D0-8D11-00A0C91BC942}") = "Compiler", "Compiler\Compiler.vcxproj", "{3BDA950F-6174-413A-AE24-28FB8004B4DB}"
EndProject
Global
	GlobalSection(SolutionConfigurationPlatforms) = preSolution
		Debug|x64 = Debug|x64
		Debug|x86 = Debug|x86
		Release|x64 = Release|x64
		Release|x86 = Release|x86
	EndGlobalSection
	GlobalSection(ProjectConfigurationPlatforms) = postSolution
		{3BDA950F-6174-413A-AE24-28FB8004B4DB}.Debug|x64.ActiveCfg = Debug|x64
		{3BDA950F-6174-413A-AE24-28FB8004B4DB}.Debug|x64.Build.0 = Debug|x64
		{3BDA950F-6174-413A-AE24-28FB8004B4DB}.Debug|x86.ActiveCfg = Debug|Win32
		{3BDA950F-6174-413A-AE24-28FB8004B4DB}.Debug|x86.Build.0 = Debug|Win32
		{3BDA950F-6174-413A-AE24-28FB8004B4DB}.Release|x64.ActiveCfg = Release|x64
		{3BDA950F-6174-413A-AE24-28FB8004B4DB}.Release|x64.Build.0 = Release|x64
		{3BDA950F-6174-413A-AE24-28FB8004B4DB}.Release|x86.ActiveCfg = Release|Win32
		{3BDA950F-6174-413A-AE24-28FB8004B4DB}.Release|x86.Build.0 = Release|Win32
	EndGlobalSection
	GlobalSection(SolutionProperties) = preSolution
		HideSolutionNode = FALSE
	EndGlobalSection
	GlobalSection(ExtensibilityGlobals) = postSolution
		SolutionGuid = {65960C77-A8C4-4E5D-9C12-252E674390D3}
	EndGlobalSection
EndGlobal
